
Microsoft Visual Studio Solution File, Format Version 12.00
# Visual Studio Version 17
VisualStudioVersion = 17.14.36310.24 d17.14
MinimumVisualStudioVersion = 10.0.40219.1
Project("{FAE04EC0-301F-11D3-BF4B-00C04F79EFBC}") = "ARRY7", "ARRY7.csproj", "{4C2B3AA3-FCFB-48DC-A38E-101B34A4A33A}"
EndProject
Global
	GlobalSection(SolutionConfigurationPlatforms) = preSolution
		Debug|Any CPU = Debug|Any CPU
		Release|Any CPU = Release|Any CPU
	EndGlobalSection
	GlobalSection(ProjectConfigurationPlatforms) = postSolution
		{4C2B3AA3-FCFB-48DC-A38E-101B34A4A33A}.Debug|Any CPU.ActiveCfg = Debug|Any CPU
		{4C2B3AA3-FCFB-48DC-A38E-101B34A4A33A}.Debug|Any CPU.Build.0 = Debug|Any CPU
		{4C2B3AA3-FCFB-48DC-A38E-101B34A4A33A}.Release|Any CPU.ActiveCfg = Release|Any CPU
		{4C2B3AA3-FCFB-48DC-A38E-101B34A4A33A}.Release|Any CPU.Build.0 = Release|Any CPU
	EndGlobalSection
	GlobalSection(SolutionProperties) = preSolution
		HideSolutionNode = FALSE
	EndGlobalSection
	GlobalSection(ExtensibilityGlobals) = postSolution
		SolutionGuid = {4C39D742-0E96-4F68-962F-150A9BC68A36}
	EndGlobalSection
EndGlobal
