
Microsoft Visual Studio Solution File, Format Version 12.00
# Visual Studio Version 17
VisualStudioVersion = 17.14.36310.24 d17.14
MinimumVisualStudioVersion = 10.0.40219.1
Project("{FAE04EC0-301F-11D3-BF4B-00C04F79EFBC}") = "OOP Activity", "OOP Activity.csproj", "{EE061921-5130-4B9F-9100-7FBBE50CFDC3}"
EndProject
Global
	GlobalSection(SolutionConfigurationPlatforms) = preSolution
		Debug|Any CPU = Debug|Any CPU
		Release|Any CPU = Release|Any CPU
	EndGlobalSection
	GlobalSection(ProjectConfigurationPlatforms) = postSolution
		{EE061921-5130-4B9F-9100-7FBBE50CFDC3}.Debug|Any CPU.ActiveCfg = Debug|Any CPU
		{EE061921-5130-4B9F-9100-7FBBE50CFDC3}.Debug|Any CPU.Build.0 = Debug|Any CPU
		{EE061921-5130-4B9F-9100-7FBBE50CFDC3}.Release|Any CPU.ActiveCfg = Release|Any CPU
		{EE061921-5130-4B9F-9100-7FBBE50CFDC3}.Release|Any CPU.Build.0 = Release|Any CPU
	EndGlobalSection
	GlobalSection(SolutionProperties) = preSolution
		HideSolutionNode = FALSE
	EndGlobalSection
	GlobalSection(ExtensibilityGlobals) = postSolution
		SolutionGuid = {B8532D5E-68A6-465B-95D7-DF9426C5BDC6}
	EndGlobalSection
EndGlobal
