
Microsoft Visual Studio Solution File, Format Version 12.00
# Visual Studio Version 17
VisualStudioVersion = 17.14.36310.24 d17.14
MinimumVisualStudioVersion = 10.0.40219.1
Project("{FAE04EC0-301F-11D3-BF4B-00C04F79EFBC}") = "OOP Activity22", "OOP Activity22.csproj", "{95FCD55D-789D-444E-8B4D-AC873E1D2F44}"
EndProject
Global
	GlobalSection(SolutionConfigurationPlatforms) = preSolution
		Debug|Any CPU = Debug|Any CPU
		Release|Any CPU = Release|Any CPU
	EndGlobalSection
	GlobalSection(ProjectConfigurationPlatforms) = postSolution
		{95FCD55D-789D-444E-8B4D-AC873E1D2F44}.Debug|Any CPU.ActiveCfg = Debug|Any CPU
		{95FCD55D-789D-444E-8B4D-AC873E1D2F44}.Debug|Any CPU.Build.0 = Debug|Any CPU
		{95FCD55D-789D-444E-8B4D-AC873E1D2F44}.Release|Any CPU.ActiveCfg = Release|Any CPU
		{95FCD55D-789D-444E-8B4D-AC873E1D2F44}.Release|Any CPU.Build.0 = Release|Any CPU
	EndGlobalSection
	GlobalSection(SolutionProperties) = preSolution
		HideSolutionNode = FALSE
	EndGlobalSection
	GlobalSection(ExtensibilityGlobals) = postSolution
		SolutionGuid = {52B59600-B0BA-40EE-A78A-8DA98F1BC90B}
	EndGlobalSection
EndGlobal
