
Microsoft Visual Studio Solution File, Format Version 12.00
# Visual Studio Version 17
VisualStudioVersion = 17.14.36310.24 d17.14
MinimumVisualStudioVersion = 10.0.40219.1
Project("{FAE04EC0-301F-11D3-BF4B-00C04F79EFBC}") = "OOP Activity30", "OOP Activity30.csproj", "{29A04637-19A6-45FB-B9BB-A77818457DB5}"
EndProject
Global
	GlobalSection(SolutionConfigurationPlatforms) = preSolution
		Debug|Any CPU = Debug|Any CPU
		Release|Any CPU = Release|Any CPU
	EndGlobalSection
	GlobalSection(ProjectConfigurationPlatforms) = postSolution
		{29A04637-19A6-45FB-B9BB-A77818457DB5}.Debug|Any CPU.ActiveCfg = Debug|Any CPU
		{29A04637-19A6-45FB-B9BB-A77818457DB5}.Debug|Any CPU.Build.0 = Debug|Any CPU
		{29A04637-19A6-45FB-B9BB-A77818457DB5}.Release|Any CPU.ActiveCfg = Release|Any CPU
		{29A04637-19A6-45FB-B9BB-A77818457DB5}.Release|Any CPU.Build.0 = Release|Any CPU
	EndGlobalSection
	GlobalSection(SolutionProperties) = preSolution
		HideSolutionNode = FALSE
	EndGlobalSection
	GlobalSection(ExtensibilityGlobals) = postSolution
		SolutionGuid = {EBE4779A-5360-4C27-93CF-BB034457CDF1}
	EndGlobalSection
EndGlobal
