
Microsoft Visual Studio Solution File, Format Version 12.00
# Visual Studio Version 17
VisualStudioVersion = 17.14.36310.24 d17.14
MinimumVisualStudioVersion = 10.0.40219.1
Project("{FAE04EC0-301F-11D3-BF4B-00C04F79EFBC}") = "OOP Activity25", "OOP Activity25.csproj", "{80B01FF2-4691-4B1C-ABC0-AA2876675050}"
EndProject
Global
	GlobalSection(SolutionConfigurationPlatforms) = preSolution
		Debug|Any CPU = Debug|Any CPU
		Release|Any CPU = Release|Any CPU
	EndGlobalSection
	GlobalSection(ProjectConfigurationPlatforms) = postSolution
		{80B01FF2-4691-4B1C-ABC0-AA2876675050}.Debug|Any CPU.ActiveCfg = Debug|Any CPU
		{80B01FF2-4691-4B1C-ABC0-AA2876675050}.Debug|Any CPU.Build.0 = Debug|Any CPU
		{80B01FF2-4691-4B1C-ABC0-AA2876675050}.Release|Any CPU.ActiveCfg = Release|Any CPU
		{80B01FF2-4691-4B1C-ABC0-AA2876675050}.Release|Any CPU.Build.0 = Release|Any CPU
	EndGlobalSection
	GlobalSection(SolutionProperties) = preSolution
		HideSolutionNode = FALSE
	EndGlobalSection
	GlobalSection(ExtensibilityGlobals) = postSolution
		SolutionGuid = {45AFC629-E383-4ACC-9FFF-D3B57FDB2F96}
	EndGlobalSection
EndGlobal
