
Microsoft Visual Studio Solution File, Format Version 12.00
# Visual Studio Version 17
VisualStudioVersion = 17.14.36310.24 d17.14
MinimumVisualStudioVersion = 10.0.40219.1
Project("{FAE04EC0-301F-11D3-BF4B-00C04F79EFBC}") = "ARR17", "ARR17.csproj", "{DF628E8F-9DAA-4AE7-9B0E-8693CDA9E758}"
EndProject
Global
	GlobalSection(SolutionConfigurationPlatforms) = preSolution
		Debug|Any CPU = Debug|Any CPU
		Release|Any CPU = Release|Any CPU
	EndGlobalSection
	GlobalSection(ProjectConfigurationPlatforms) = postSolution
		{DF628E8F-9DAA-4AE7-9B0E-8693CDA9E758}.Debug|Any CPU.ActiveCfg = Debug|Any CPU
		{DF628E8F-9DAA-4AE7-9B0E-8693CDA9E758}.Debug|Any CPU.Build.0 = Debug|Any CPU
		{DF628E8F-9DAA-4AE7-9B0E-8693CDA9E758}.Release|Any CPU.ActiveCfg = Release|Any CPU
		{DF628E8F-9DAA-4AE7-9B0E-8693CDA9E758}.Release|Any CPU.Build.0 = Release|Any CPU
	EndGlobalSection
	GlobalSection(SolutionProperties) = preSolution
		HideSolutionNode = FALSE
	EndGlobalSection
	GlobalSection(ExtensibilityGlobals) = postSolution
		SolutionGuid = {1D3A5009-26CF-4FE5-97F6-2AF501AA18C7}
	EndGlobalSection
EndGlobal
