
Microsoft Visual Studio Solution File, Format Version 12.00
# Visual Studio Version 17
VisualStudioVersion = 17.14.36310.24 d17.14
MinimumVisualStudioVersion = 10.0.40219.1
Project("{FAE04EC0-301F-11D3-BF4B-00C04F79EFBC}") = "OOP Activity 2.15", "OOP Activity 2.15.csproj", "{6AAB13FF-E1D0-48C8-8D46-766B1840E507}"
EndProject
Global
	GlobalSection(SolutionConfigurationPlatforms) = preSolution
		Debug|Any CPU = Debug|Any CPU
		Release|Any CPU = Release|Any CPU
	EndGlobalSection
	GlobalSection(ProjectConfigurationPlatforms) = postSolution
		{6AAB13FF-E1D0-48C8-8D46-766B1840E507}.Debug|Any CPU.ActiveCfg = Debug|Any CPU
		{6AAB13FF-E1D0-48C8-8D46-766B1840E507}.Debug|Any CPU.Build.0 = Debug|Any CPU
		{6AAB13FF-E1D0-48C8-8D46-766B1840E507}.Release|Any CPU.ActiveCfg = Release|Any CPU
		{6AAB13FF-E1D0-48C8-8D46-766B1840E507}.Release|Any CPU.Build.0 = Release|Any CPU
	EndGlobalSection
	GlobalSection(SolutionProperties) = preSolution
		HideSolutionNode = FALSE
	EndGlobalSection
	GlobalSection(ExtensibilityGlobals) = postSolution
		SolutionGuid = {06BACD86-D49C-4DA3-8381-292F10178E41}
	EndGlobalSection
EndGlobal
