
Microsoft Visual Studio Solution File, Format Version 12.00
# Visual Studio Version 17
VisualStudioVersion = 17.14.36310.24 d17.14
MinimumVisualStudioVersion = 10.0.40219.1
Project("{FAE04EC0-301F-11D3-BF4B-00C04F79EFBC}") = "OOP Activity10", "OOP Activity10.csproj", "{414DEA55-1E99-4BC7-A3F9-52F2D74A21FD}"
EndProject
Global
	GlobalSection(SolutionConfigurationPlatforms) = preSolution
		Debug|Any CPU = Debug|Any CPU
		Release|Any CPU = Release|Any CPU
	EndGlobalSection
	GlobalSection(ProjectConfigurationPlatforms) = postSolution
		{414DEA55-1E99-4BC7-A3F9-52F2D74A21FD}.Debug|Any CPU.ActiveCfg = Debug|Any CPU
		{414DEA55-1E99-4BC7-A3F9-52F2D74A21FD}.Debug|Any CPU.Build.0 = Debug|Any CPU
		{414DEA55-1E99-4BC7-A3F9-52F2D74A21FD}.Release|Any CPU.ActiveCfg = Release|Any CPU
		{414DEA55-1E99-4BC7-A3F9-52F2D74A21FD}.Release|Any CPU.Build.0 = Release|Any CPU
	EndGlobalSection
	GlobalSection(SolutionProperties) = preSolution
		HideSolutionNode = FALSE
	EndGlobalSection
	GlobalSection(ExtensibilityGlobals) = postSolution
		SolutionGuid = {D4F284B6-75C5-4B2C-84E4-3B9C1C744165}
	EndGlobalSection
EndGlobal
